// !$*UTF8*$!
{
	archiveVersion = 1;
	classes = {
	};
	objectVersion = 46;
	objects = {

/* Begin PBXBuildFile section */
		F87D2F6D1DB62232008FBD3E /* AppDelegate.swift in Sources */ = {isa = PBXBuildFile; fileRef = F87D2F6C1DB62232008FBD3E /* AppDelegate.swift */; };
		F87D2F6F1DB62232008FBD3E /* ViewController.swift in Sources */ = {isa = PBXBuildFile; fileRef = F87D2F6E1DB62232008FBD3E /* ViewController.swift */; };
		F87D2F721DB62232008FBD3E /* Main.storyboard in Resources */ = {isa = PBXBuildFile; fileRef = F87D2F701DB62232008FBD3E /* Main.storyboard */; };
		F87D2F741DB62232008FBD3E /* Assets.xcassets in Resources */ = {isa = PBXBuildFile; fileRef = F87D2F731DB62232008FBD3E /* Assets.xcassets */; };
		F87D2F771DB62232008FBD3E /* LaunchScreen.storyboard in Resources */ = {isa = PBXBuildFile; fileRef = F87D2F751DB62232008FBD3E /* LaunchScreen.storyboard */; };
/* End PBXBuildFile section */

/* Begin PBXFileReference section */
		F87D2F691DB62232008FBD3E /* Holodoc23.app */ = {isa = PBXFileReference; explicitFileType = wrapper.application; includeInIndex = 0; path = Holodoc23.app; sourceTree = BUILT_PRODUCTS_DIR; };
		F87D2F6C1DB62232008FBD3E /* AppDelegate.swift */ = {isa = PBXFileReference; lastKnownFileType = sourcecode.swift; path = AppDelegate.swift; sourceTree = "<group>"; };
		F87D2F6E1DB62232008FBD3E /* ViewController.swift */ = {isa = PBXFileReference; lastKnownFileType = sourcecode.swift; path = ViewController.swift; sourceTree = "<group>"; };
		F87D2F711DB62232008FBD3E /* Base */ = {isa = PBXFileReference; lastKnownFileType = file.storyboard; name = Base; path = Base.lproj/Main.storyboard; sourceTree = "<group>"; };
		F87D2F731DB62232008FBD3E /* Assets.xcassets */ = {isa = PBXFileReference; lastKnownFileType = folder.assetcatalog; path = Assets.xcassets; sourceTree = "<group>"; };
		F87D2F761DB62232008FBD3E /* Base */ = {isa = PBXFileReference; lastKnownFileType = file.storyboard; name = Base; path = Base.lproj/LaunchScreen.storyboard; sourceTree = "<group>"; };
		F87D2F781DB62232008FBD3E /* Info.plist */ = {isa = PBXFileReference; lastKnownFileType = text.plist.xml; path = Info.plist; sourceTree = "<group>"; };
/* End PBXFileReference section */

/* Begin PBXFrameworksBuildPhase section */
		F87D2F661DB62232008FBD3E /* Frameworks */ = {
			isa = PBXFrameworksBuildPhase;
			buildActionMask = 2147483647;
			files = (
			);
			runOnlyForDeploymentPostprocessing = 0;
		};
/* End PBXFrameworksBuildPhase section */

/* Begin PBXGroup section */
		F87D2F601DB62232008FBD3E = {
			isa = PBXGroup;
			children = (
				F87D2F6B1DB62232008FBD3E /* Holodoc23 */,
				F87D2F6A1DB62232008FBD3E /* Products */,
			);
			sourceTree = "<group>";
		};
		F87D2F6A1DB62232008FBD3E /* Products */ = {
			isa = PBXGroup;
			children = (
				F87D2F691DB62232008FBD3E /* Holodoc23.app */,
			);
			name = Products;
			sourceTree = "<group>";
		};
		F87D2F6B1DB62232008FBD3E /* Holodoc23 */ = {
			isa = PBXGroup;
			children = (
				F87D2F6C1DB62232008FBD3E /* AppDelegate.swift */,
				F87D2F6E1DB62232008FBD3E /* ViewController.swift */,
				F87D2F701DB62232008FBD3E /* Main.storyboard */,
				F87D2F731DB62232008FBD3E /* Assets.xcassets */,
				F87D2F751DB62232008FBD3E /* LaunchScreen.storyboard */,
				F87D2F781DB62232008FBD3E /* Info.plist */,
			);
			path = Holodoc23;
			sourceTree = "<group>";
		};
/* End PBXGroup section */

/* Begin PBXNativeTarget section */
		F87D2F681DB62232008FBD3E /* Holodoc23 */ = {
			isa = PBXNativeTarget;
			buildConfigurationList = F87D2F7B1DB62232008FBD3E /* Build configuration list for PBXNativeTarget "Holodoc23" */;
			buildPhases = (
				F87D2F651DB62232008FBD3E /* Sources */,
				F87D2F661DB62232008FBD3E /* Frameworks */,
				F87D2F671DB62232008FBD3E /* Resources */,
			);
			buildRules = (
			);
			dependencies = (
			);
			name = Holodoc23;
			productName = Holodoc23;
			productReference = F87D2F691DB62232008FBD3E /* Holodoc23.app */;
			productType = "com.apple.product-type.application";
		};
/* End PBXNativeTarget section */

/* Begin PBXProject section */
		F87D2F611DB62232008FBD3E /* Project object */ = {
			isa = PBXProject;
			attributes = {
				LastSwiftUpdateCheck = 0730;
				LastUpgradeCheck = 0730;
				ORGANIZATIONNAME = "Saurabh Sikka";
				TargetAttributes = {
					F87D2F681DB62232008FBD3E = {
						CreatedOnToolsVersion = 7.3.1;
					};
				};
			};
			buildConfigurationList = F87D2F641DB62232008FBD3E /* Build configuration list for PBXProject "Holodoc23" */;
			compatibilityVersion = "Xcode 3.2";
			developmentRegion = English;
			hasScannedForEncodings = 0;
			knownRegions = (
				en,
				Base,
			);
			mainGroup = F87D2F601DB62232008FBD3E;
			productRefGroup = F87D2F6A1DB62232008FBD3E /* Products */;
			projectDirPath = "";
			projectRoot = "";
			targets = (
				F87D2F681DB62232008FBD3E /* Holodoc23 */,
			);
		};
/* End PBXProject section */

/* Begin PBXResourcesBuildPhase section */
		F87D2F671DB62232008FBD3E /* Resources */ = {
			isa = PBXResourcesBuildPhase;
			buildActionMask = 2147483647;
			files = (
				F87D2F771DB62232008FBD3E /* LaunchScreen.storyboard in Resources */,
				F87D2F741DB62232008FBD3E /* Assets.xcassets in Resources */,
				F87D2F721DB62232008FBD3E /* Main.storyboard in Resources */,
			);
			runOnlyForDeploymentPostprocessing = 0;
		};
/* End PBXResourcesBuildPhase section */

/* Begin PBXSourcesBuildPhase section */
		F87D2F651DB62232008FBD3E /* Sources */ = {
			isa = PBXSourcesBuildPhase;
			buildActionMask = 2147483647;
			files = (
				F87D2F6F1DB62232008FBD3E /* ViewController.swift in Sources */,
				F87D2F6D1DB62232008FBD3E /* AppDelegate.swift in Sources */,
			);
			runOnlyForDeploymentPostprocessing = 0;
		};
/* End PBXSourcesBuildPhase section */

/* Begin PBXVariantGroup section */
		F87D2F701DB62232008FBD3E /* Main.storyboard */ = {
			isa = PBXVariantGroup;
			children = (
				F87D2F711DB62232008FBD3E /* Base */,
			);
			name = Main.storyboard;
			sourceTree = "<group>";
		};
		F87D2F751DB62232008FBD3E /* LaunchScreen.storyboard */ = {
			isa = PBXVariantGroup;
			children = (
				F87D2F761DB62232008FBD3E /* Base */,
			);
			name = LaunchScreen.storyboard;
			sourceTree = "<group>";
		};
/* End PBXVariantGroup section */

/* Begin XCBuildConfiguration section */
		F87D2F791DB62232008FBD3E /* Debug */ = {
			isa = XCBuildConfiguration;
			buildSettings = {
				ALWAYS_SEARCH_USER_PATHS = NO;
				CLANG_ANALYZER_NONNULL = YES;
				CLANG_CXX_LANGUAGE_STANDARD = "gnu++0x";
				CLANG_CXX_LIBRARY = "libc++";
				CLANG_ENABLE_MODULES = YES;
				CLANG_ENABLE_OBJC_ARC = YES;
				CLANG_WARN_BOOL_CONVERSION = YES;
				CLANG_WARN_CONSTANT_CONVERSION = YES;
				CLANG_WARN_DIRECT_OBJC_ISA_USAGE = YES_ERROR;
				CLANG_WARN_EMPTY_BODY = YES;
				CLANG_WARN_ENUM_CONVERSION = YES;
				CLANG_WARN_INT_CONVERSION = YES;
				CLANG_WARN_OBJC_ROOT_CLASS = YES_ERROR;
				CLANG_WARN_UNREACHABLE_CODE = YES;
				CLANG_WARN__DUPLICATE_METHOD_MATCH = YES;
				"CODE_SIGN_IDENTITY[sdk=iphoneos*]" = "iPhone Developer";
				COPY_PHASE_STRIP = NO;
				DEBUG_INFORMATION_FORMAT = dwarf;
				ENABLE_STRICT_OBJC_MSGSEND = YES;
				ENABLE_TESTABILITY = YES;
				GCC_C_LANGUAGE_STANDARD = gnu99;
				GCC_DYNAMIC_NO_PIC = NO;
				GCC_NO_COMMON_BLOCKS = YES;
				GCC_OPTIMIZATION_LEVEL = 0;
				GCC_PREPROCESSOR_DEFINITIONS = (
					"DEBUG=1",
					"$(inherited)",
				);
				GCC_WARN_64_TO_32_BIT_CONVERSION = YES;
				GCC_WARN_ABOUT_RETURN_TYPE = YES_ERROR;
				GCC_WARN_UNDECLARED_SELECTOR = YES;
				GCC_WARN_UNINITIALIZED_AUTOS = YES_AGGRESSIVE;
				GCC_WARN_UNUSED_FUNCTION = YES;
				GCC_WARN_UNUSED_VARIABLE = YES;
				IPHONEOS_DEPLOYMENT_TARGET = 9.3;
				MTL_ENABLE_DEBUG_INFO = YES;
				ONLY_ACTIVE_ARCH = YES;
				SDKROOT = iphoneos;
				SWIFT_OPTIMIZATION_LEVEL = "-Onone";
			};
			name = Debug;
		};
		F87D2F7A1DB62232008FBD3E /* Release */ = {
			isa = XCBuildConfiguration;
			buildSettings = {
				ALWAYS_SEARCH_USER_PATHS = NO;
				CLANG_ANALYZER_NONNULL = YES;
				CLANG_CXX_LANGUAGE_STANDARD = "gnu++0x";
				CLANG_CXX_LIBRARY = "libc++";
				CLANG_ENABLE_MODULES = YES;
				CLANG_ENABLE_OBJC_ARC = YES;
				CLANG_WARN_BOOL_CONVERSION = YES;
				CLANG_WARN_CONSTANT_CONVERSION = YES;
				CLANG_WARN_DIRECT_OBJC_ISA_USAGE = YES_ERROR;
				CLANG_WARN_EMPTY_BODY = YES;
				CLANG_WARN_ENUM_CONVERSION = YES;
				CLANG_WARN_INT_CONVERSION = YES;
				CLANG_WARN_OBJC_ROOT_CLASS = YES_ERROR;
				CLANG_WARN_UNREACHABLE_CODE = YES;
				CLANG_WARN__DUPLICATE_METHOD_MATCH = YES;
				"CODE_SIGN_IDENTITY[sdk=iphoneos*]" = "iPhone Developer";
				COPY_PHASE_STRIP = NO;
				DEBUG_INFORMATION_FORMAT = "dwarf-with-dsym";
				ENABLE_NS_ASSERTIONS = NO;
				ENABLE_STRICT_OBJC_MSGSEND = YES;
				GCC_C_LANGUAGE_STANDARD = gnu99;
				GCC_NO_COMMON_BLOCKS = YES;
				GCC_WARN_64_TO_32_BIT_CONVERSION = YES;
				GCC_WARN_ABOUT_RETURN_TYPE = YES_ERROR;
				GCC_WARN_UNDECLARED_SELECTOR = YES;
				GCC_WARN_UNINITIALIZED_AUTOS = YES_AGGRESSIVE;
				GCC_WARN_UNUSED_FUNCTION = YES;
				GCC_WARN_UNUSED_VARIABLE = YES;
				IPHONEOS_DEPLOYMENT_TARGET = 9.3;
				MTL_ENABLE_DEBUG_INFO = NO;
				SDKROOT = iphoneos;
				VALIDATE_PRODUCT = YES;
			};
			name = Release;
		};
		F87D2F7C1DB62232008FBD3E /* Debug */ = {
			isa = XCBuildConfiguration;
			buildSettings = {
				ASSETCATALOG_COMPILER_APPICON_NAME = AppIcon;
				INFOPLIST_FILE = Holodoc23/Info.plist;
				LD_RUNPATH_SEARCH_PATHS = "$(inherited) @executable_path/Frameworks";
				PRODUCT_BUNDLE_IDENTIFIER = com.saurabhsikka.Holodoc23;
				PRODUCT_NAME = "$(TARGET_NAME)";
			};
			name = Debug;
		};
		F87D2F7D1DB62232008FBD3E /* Release */ = {
			isa = XCBuildConfiguration;
			buildSettings = {
				ASSETCATALOG_COMPILER_APPICON_NAME = AppIcon;
				INFOPLIST_FILE = Holodoc23/Info.plist;
				LD_RUNPATH_SEARCH_PATHS = "$(inherited) @executable_path/Frameworks";
				PRODUCT_BUNDLE_IDENTIFIER = com.saurabhsikka.Holodoc23;
				PRODUCT_NAME = "$(TARGET_NAME)";
			};
			name = Release;
		};
/* End XCBuildConfiguration section */

/* Begin XCConfigurationList section */
		F87D2F641DB62232008FBD3E /* Build configuration list for PBXProject "Holodoc23" */ = {
			isa = XCConfigurationList;
			buildConfigurations = (
				F87D2F791DB62232008FBD3E /* Debug */,
				F87D2F7A1DB62232008FBD3E /* Release */,
			);
			defaultConfigurationIsVisible = 0;
			defaultConfigurationName = Release;
		};
		F87D2F7B1DB62232008FBD3E /* Build configuration list for PBXNativeTarget "Holodoc23" */ = {
			isa = XCConfigurationList;
			buildConfigurations = (
				F87D2F7C1DB62232008FBD3E /* Debug */,
				F87D2F7D1DB62232008FBD3E /* Release */,
			);
			defaultConfigurationIsVisible = 0;
		};
/* End XCConfigurationList section */
	};
	rootObject = F87D2F611DB62232008FBD3E /* Project object */;
}
